
Microsoft Visual Studio Solution File, Format Version 12.00
# Visual Studio Express 14 for Windows Desktop
VisualStudioVersion = 14.0.25420.1
MinimumVisualStudioVersion = 10.0.40219.1
Project("{8BC9CEB8-8B4A-11D0-8D11-00A0C91BC942}") = "ugrep", "ugrep\ugrep.vcxproj", "{545CF86F-46AD-42AD-A745-9CFF05393539}"
EndProject
Global
	GlobalSection(SolutionConfigurationPlatforms) = preSolution
		Debug|x64 = Debug|x64
		Debug|x86 = Debug|x86
		Release|x64 = Release|x64
		Release|x86 = Release|x86
	EndGlobalSection
	GlobalSection(ProjectConfigurationPlatforms) = postSolution
		{545CF86F-46AD-42AD-A745-9CFF05393539}.Debug|x64.ActiveCfg = Debug|x64
		{545CF86F-46AD-42AD-A745-9CFF05393539}.Debug|x64.Build.0 = Debug|x64
		{545CF86F-46AD-42AD-A745-9CFF05393539}.Debug|x86.ActiveCfg = Debug|Win32
		{545CF86F-46AD-42AD-A745-9CFF05393539}.Debug|x86.Build.0 = Debug|Win32
		{545CF86F-46AD-42AD-A745-9CFF05393539}.Release|x64.ActiveCfg = Release|x64
		{545CF86F-46AD-42AD-A745-9CFF05393539}.Release|x64.Build.0 = Release|x64
		{545CF86F-46AD-42AD-A745-9CFF05393539}.Release|x86.ActiveCfg = Release|Win32
		{545CF86F-46AD-42AD-A745-9CFF05393539}.Release|x86.Build.0 = Release|Win32
	GlobalSection(SolutionProperties) = preSolution
		HideSolutionNode = FALSE
	EndGlobalSection
EndGlobal
