<?xml version="1.0" encoding="utf-8"?>
<Project ToolsVersion="4.0" xmlns="http://schemas.microsoft.com/developer/msbuild/2003">
  <ItemGroup>
    <Filter Include="Source Files">
      <UniqueIdentifier>{4FC737F1-C7A5-4376-A066-2A32D752A2FF}</UniqueIdentifier>
      <Extensions>cpp;c;cc;cxx;def;odl;idl;hpj;bat;asm;asmx</Extensions>
    </Filter>
    <Filter Include="Header Files">
      <UniqueIdentifier>{93995380-89BD-4b04-88EB-625FBE52EBFB}</UniqueIdentifier>
      <Extensions>h;hh;hpp;hxx;hm;inl;inc;xsd</Extensions>
    </Filter>
    <Filter Include="Resource Files">
      <UniqueIdentifier>{67DA6AB6-F800-4c08-8B7A-83BB121AAD01}</UniqueIdentifier>
      <Extensions>rc;ico;cur;bmp;dlg;rc2;rct;bin;rgs;gif;jpg;jpeg;jpe;resx;tiff;tif;png;wav;mfcribbon-ms</Extensions>
    </Filter>
  </ItemGroup>
  <ItemGroup>
    <ClCompile Include="src\ugrep.cpp">
      <Filter>Source Files</Filter>
    </ClCompile>
    <ClCompile Include="src\glob.cpp">
      <Filter>Source Files</Filter>
    </ClCompile>
    <ClCompile Include="lib\unicode.cpp">
      <Filter>Source Files</Filter>
    </ClCompile>
    <ClCompile Include="lib\utf8.cpp">
      <Filter>Source Files</Filter>
    </ClCompile>
    <ClCompile Include="lib\block_scripts.cpp">
      <Filter>Source Files</Filter>
    </ClCompile>
    <ClCompile Include="lib\convert.cpp">
      <Filter>Source Files</Filter>
    </ClCompile>
    <ClCompile Include="lib\debug.cpp">
      <Filter>Source Files</Filter>
    </ClCompile>
    <ClCompile Include="lib\error.cpp">
      <Filter>Source Files</Filter>
    </ClCompile>
    <ClCompile Include="lib\input.cpp">
      <Filter>Source Files</Filter>
    </ClCompile>
    <ClCompile Include="lib\language_scripts.cpp">
      <Filter>Source Files</Filter>
    </ClCompile>
    <ClCompile Include="lib\letter_scripts.cpp">
      <Filter>Source Files</Filter>
    </ClCompile>
    <ClCompile Include="lib\matcher.cpp">
      <Filter>Source Files</Filter>
    </ClCompile>
    <ClCompile Include="lib\pattern.cpp">
      <Filter>Source Files</Filter>
    </ClCompile>
    <ClCompile Include="lib\posix.cpp">
      <Filter>Source Files</Filter>
    </ClCompile>
    <ClCompile Include="src\zopen.c">
      <Filter>Source Files</Filter>
    </ClCompile>
    <ClCompile Include="..\zlib-1.2.11\inflate.c">
      <Filter>Source Files</Filter>
    </ClCompile>
    <ClCompile Include="..\zlib-1.2.11\gzread.c">
      <Filter>Source Files</Filter>
    </ClCompile>
    <ClCompile Include="..\zlib-1.2.11\gzlib.c">
      <Filter>Source Files</Filter>
    </ClCompile>
    <ClCompile Include="..\zlib-1.2.11\gzclose.c">
      <Filter>Source Files</Filter>
    </ClCompile>
    <ClCompile Include="..\zlib-1.2.11\crc32.c">
      <Filter>Source Files</Filter>
    </ClCompile>
    <ClCompile Include="..\zlib-1.2.11\inffast.c">
      <Filter>Source Files</Filter>
    </ClCompile>
    <ClCompile Include="..\zlib-1.2.11\adler32.c">
      <Filter>Source Files</Filter>
    </ClCompile>
    <ClCompile Include="..\zlib-1.2.11\zutil.c">
      <Filter>Source Files</Filter>
    </ClCompile>
    <ClCompile Include="..\zlib-1.2.11\inftrees.c">
      <Filter>Source Files</Filter>
    </ClCompile>
    <ClCompile Include="..\bzip2-1.0.5\bzlib.c">
      <Filter>Source Files</Filter>
    </ClCompile>
    <ClCompile Include="..\bzip2-1.0.5\decompress.c">
      <Filter>Source Files</Filter>
    </ClCompile>
    <ClCompile Include="..\bzip2-1.0.5\randtable.c">
      <Filter>Source Files</Filter>
    </ClCompile>
    <ClCompile Include="..\bzip2-1.0.5\crctable.c">
      <Filter>Source Files</Filter>
    </ClCompile>
    <ClCompile Include="..\bzip2-1.0.5\compress.c">
      <Filter>Source Files</Filter>
    </ClCompile>
    <ClCompile Include="..\bzip2-1.0.5\blocksort.c">
      <Filter>Source Files</Filter>
    </ClCompile>
    <ClCompile Include="..\bzip2-1.0.5\huffman.c">
      <Filter>Source Files</Filter>
    </ClCompile>
    <ClCompile Include="src\vkey.cpp">
      <Filter>Source Files</Filter>
    </ClCompile>
    <ClCompile Include="src\query.cpp">
      <Filter>Source Files</Filter>
    </ClCompile>
    <ClCompile Include="src\screen.cpp">
      <Filter>Source Files</Filter>
    </ClCompile>
    <ClCompile Include="src\output.cpp">
      <Filter>Source Files</Filter>
    </ClCompile>
    <ClCompile Include="src\stats.cpp">
      <Filter>Source Files</Filter>
    </ClCompile>
  </ItemGroup>
  <ItemGroup>
    <ClInclude Include="src\glob.hpp">
      <Filter>Header Files</Filter>
    </ClInclude>
    <ClInclude Include="include\reflex\flexlexer.h">
      <Filter>Header Files</Filter>
    </ClInclude>
    <ClInclude Include="include\reflex\input.h">
      <Filter>Header Files</Filter>
    </ClInclude>
    <ClInclude Include="include\reflex\matcher.h">
      <Filter>Header Files</Filter>
    </ClInclude>
    <ClInclude Include="include\reflex\pattern.h">
      <Filter>Header Files</Filter>
    </ClInclude>
    <ClInclude Include="include\reflex\posix.h">
      <Filter>Header Files</Filter>
    </ClInclude>
    <ClInclude Include="include\reflex\ranges.h">
      <Filter>Header Files</Filter>
    </ClInclude>
    <ClInclude Include="include\reflex\setop.h">
      <Filter>Header Files</Filter>
    </ClInclude>
    <ClInclude Include="include\reflex\stdmatcher.h">
      <Filter>Header Files</Filter>
    </ClInclude>
    <ClInclude Include="include\reflex\timer.h">
      <Filter>Header Files</Filter>
    </ClInclude>
    <ClInclude Include="include\reflex\traits.h">
      <Filter>Header Files</Filter>
    </ClInclude>
    <ClInclude Include="include\reflex\unicode.h">
      <Filter>Header Files</Filter>
    </ClInclude>
    <ClInclude Include="include\reflex\utf8.h">
      <Filter>Header Files</Filter>
    </ClInclude>
    <ClInclude Include="include\reflex\abslexer.h">
      <Filter>Header Files</Filter>
    </ClInclude>
    <ClInclude Include="include\reflex\absmatcher.h">
      <Filter>Header Files</Filter>
    </ClInclude>
    <ClInclude Include="include\reflex\bits.h">
      <Filter>Header Files</Filter>
    </ClInclude>
    <ClInclude Include="include\reflex\boostmatcher.h">
      <Filter>Header Files</Filter>
    </ClInclude>
    <ClInclude Include="include\reflex\convert.h">
      <Filter>Header Files</Filter>
    </ClInclude>
    <ClInclude Include="include\reflex\debug.h">
      <Filter>Header Files</Filter>
    </ClInclude>
    <ClInclude Include="include\reflex\error.h">
      <Filter>Header Files</Filter>
    </ClInclude>
    <ClInclude Include="include\zlib.h">
      <Filter>Header Files</Filter>
    </ClInclude>
    <ClInclude Include="include\zconf.h">
      <Filter>Header Files</Filter>
    </ClInclude>
    <ClInclude Include="src\zopen.h">
      <Filter>Header Files</Filter>
    </ClInclude>
    <ClInclude Include="src\zstream.hpp">
      <Filter>Header Files</Filter>
    </ClInclude>
    <ClInclude Include="..\bzip2-1.0.5\bzlib.h">
      <Filter>Header Files</Filter>
    </ClInclude>
    <ClInclude Include="..\api\lzma.h">
      <Filter>Header Files</Filter>
    </ClInclude>
    <ClInclude Include="src\vkey.hpp">
      <Filter>Header Files</Filter>
    </ClInclude>
    <ClInclude Include="src\query.hpp">
      <Filter>Header Files</Filter>
    </ClInclude>
    <ClInclude Include="src\screen.hpp">
      <Filter>Header Files</Filter>
    </ClInclude>
    <ClInclude Include="src\ugrep.hpp">
      <Filter>Header Files</Filter>
    </ClInclude>
    <ClInclude Include="src\mmap.hpp">
      <Filter>Header Files</Filter>
    </ClInclude>
    <ClInclude Include="src\output.hpp">
      <Filter>Header Files</Filter>
    </ClInclude>
    <ClInclude Include="src\stats.hpp">
      <Filter>Header Files</Filter>
    </ClInclude>
    <ClInclude Include="include\reflex\fuzzymatcher.h">
      <Filter>Header Files</Filter>
    </ClInclude>
  </ItemGroup>
</Project>