<?xml version="1.0" encoding="utf-8"?>
<Project ToolsVersion="4.0" xmlns="http://schemas.microsoft.com/developer/msbuild/2003">
  <ItemGroup>
    <Filter Include="Source Files">
      <UniqueIdentifier>{4FC737F1-C7A5-4376-A066-2A32D752A2FF}</UniqueIdentifier>
      <Extensions>cpp;c;cc;cxx;c++;cppm;ixx;def;odl;idl;hpj;bat;asm;asmx</Extensions>
    </Filter>
    <Filter Include="Header Files">
      <UniqueIdentifier>{93995380-89BD-4b04-88EB-625FBE52EBFB}</UniqueIdentifier>
      <Extensions>h;hh;hpp;hxx;h++;hm;inl;inc;ipp;xsd</Extensions>
    </Filter>
  </ItemGroup>
  <ItemGroup>
    <None Include="..\..\pcre2\src\config.h.generic">
      <Filter>Header Files</Filter>
    </None>
    <None Include="..\..\pcre2\src\pcre2.h.generic">
      <Filter>Header Files</Filter>
    </None>
    <None Include="..\..\pcre2\src\pcre2_chartables.c.dist">
      <Filter>Source Files</Filter>
    </None>
  </ItemGroup>
  <ItemGroup>
    <ClCompile Include="..\..\pcre2\src\pcre2_auto_possess.c">
      <Filter>Source Files</Filter>
    </ClCompile>
    <ClCompile Include="..\..\pcre2\src\pcre2_compile.c">
      <Filter>Source Files</Filter>
    </ClCompile>
    <ClCompile Include="..\..\pcre2\src\pcre2_config.c">
      <Filter>Source Files</Filter>
    </ClCompile>
    <ClCompile Include="..\..\pcre2\src\pcre2_context.c">
      <Filter>Source Files</Filter>
    </ClCompile>
    <ClCompile Include="..\..\pcre2\src\pcre2_convert.c">
      <Filter>Source Files</Filter>
    </ClCompile>
    <ClCompile Include="..\..\pcre2\src\pcre2_dfa_match.c">
      <Filter>Source Files</Filter>
    </ClCompile>
    <ClCompile Include="..\..\pcre2\src\pcre2_error.c">
      <Filter>Source Files</Filter>
    </ClCompile>
    <ClCompile Include="..\..\pcre2\src\pcre2_extuni.c">
      <Filter>Source Files</Filter>
    </ClCompile>
    <ClCompile Include="..\..\pcre2\src\pcre2_find_bracket.c">
      <Filter>Source Files</Filter>
    </ClCompile>
    <ClCompile Include="..\..\pcre2\src\pcre2_jit_compile.c">
      <Filter>Source Files</Filter>
    </ClCompile>
    <ClCompile Include="..\..\pcre2\src\pcre2_maketables.c">
      <Filter>Source Files</Filter>
    </ClCompile>
    <ClCompile Include="..\..\pcre2\src\pcre2_match.c">
      <Filter>Source Files</Filter>
    </ClCompile>
    <ClCompile Include="..\..\pcre2\src\pcre2_match_data.c">
      <Filter>Source Files</Filter>
    </ClCompile>
    <ClCompile Include="..\..\pcre2\src\pcre2_newline.c">
      <Filter>Source Files</Filter>
    </ClCompile>
    <ClCompile Include="..\..\pcre2\src\pcre2_ord2utf.c">
      <Filter>Source Files</Filter>
    </ClCompile>
    <ClCompile Include="..\..\pcre2\src\pcre2_pattern_info.c">
      <Filter>Source Files</Filter>
    </ClCompile>
    <ClCompile Include="..\..\pcre2\src\pcre2_script_run.c">
      <Filter>Source Files</Filter>
    </ClCompile>
    <ClCompile Include="..\..\pcre2\src\pcre2_serialize.c">
      <Filter>Source Files</Filter>
    </ClCompile>
    <ClCompile Include="..\..\pcre2\src\pcre2_string_utils.c">
      <Filter>Source Files</Filter>
    </ClCompile>
    <ClCompile Include="..\..\pcre2\src\pcre2_study.c">
      <Filter>Source Files</Filter>
    </ClCompile>
    <ClCompile Include="..\..\pcre2\src\pcre2_substitute.c">
      <Filter>Source Files</Filter>
    </ClCompile>
    <ClCompile Include="..\..\pcre2\src\pcre2_substring.c">
      <Filter>Source Files</Filter>
    </ClCompile>
    <ClCompile Include="..\..\pcre2\src\pcre2_tables.c">
      <Filter>Source Files</Filter>
    </ClCompile>
    <ClCompile Include="..\..\pcre2\src\pcre2_ucd.c">
      <Filter>Source Files</Filter>
    </ClCompile>
    <ClCompile Include="..\..\pcre2\src\pcre2_valid_utf.c">
      <Filter>Source Files</Filter>
    </ClCompile>
    <ClCompile Include="..\..\pcre2\src\pcre2_xclass.c">
      <Filter>Source Files</Filter>
    </ClCompile>
    <ClCompile Include="include_pcre2\pcre2_chartables.c">
      <Filter>Source Files</Filter>
    </ClCompile>
    <ClCompile Include="include_common\empty.c">
      <Filter>Source Files</Filter>
    </ClCompile>
  </ItemGroup>
  <ItemGroup>
    <ClInclude Include="..\..\pcre2\src\pcre2_internal.h">
      <Filter>Header Files</Filter>
    </ClInclude>
    <ClInclude Include="..\..\pcre2\src\pcre2_intmodedep.h">
      <Filter>Header Files</Filter>
    </ClInclude>
    <ClInclude Include="..\..\pcre2\src\pcre2_jit_neon_inc.h">
      <Filter>Header Files</Filter>
    </ClInclude>
    <ClInclude Include="..\..\pcre2\src\pcre2_jit_simd_inc.h">
      <Filter>Header Files</Filter>
    </ClInclude>
    <ClInclude Include="..\..\pcre2\src\pcre2_ucp.h">
      <Filter>Header Files</Filter>
    </ClInclude>
    <ClInclude Include="include_pcre2\config.h">
      <Filter>Header Files</Filter>
    </ClInclude>
    <ClInclude Include="include_pcre2\pcre2.h">
      <Filter>Header Files</Filter>
    </ClInclude>
  </ItemGroup>
</Project>