<?xml version="1.0" encoding="utf-8"?>
<Project ToolsVersion="4.0" xmlns="http://schemas.microsoft.com/developer/msbuild/2003">
  <ItemGroup>
    <Filter Include="Source Files">
      <UniqueIdentifier>{4FC737F1-C7A5-4376-A066-2A32D752A2FF}</UniqueIdentifier>
      <Extensions>cpp;c;cc;cxx;c++;cppm;ixx;def;odl;idl;hpj;bat;asm;asmx</Extensions>
    </Filter>
    <Filter Include="Header Files">
      <UniqueIdentifier>{93995380-89BD-4b04-88EB-625FBE52EBFB}</UniqueIdentifier>
      <Extensions>h;hh;hpp;hxx;h++;hm;inl;inc;ipp;xsd</Extensions>
    </Filter>
  </ItemGroup>
  <ItemGroup>
    <ClCompile Include="include_common\empty.c">
      <Filter>Source Files</Filter>
    </ClCompile>
    <ClCompile Include="..\..\zstd\lib\common\debug.c">
      <Filter>Source Files</Filter>
    </ClCompile>
    <ClCompile Include="..\..\zstd\lib\common\entropy_common.c">
      <Filter>Source Files</Filter>
    </ClCompile>
    <ClCompile Include="..\..\zstd\lib\common\error_private.c">
      <Filter>Source Files</Filter>
    </ClCompile>
    <ClCompile Include="..\..\zstd\lib\common\fse_decompress.c">
      <Filter>Source Files</Filter>
    </ClCompile>
    <ClCompile Include="..\..\zstd\lib\common\pool.c">
      <Filter>Source Files</Filter>
    </ClCompile>
    <ClCompile Include="..\..\zstd\lib\common\threading.c">
      <Filter>Source Files</Filter>
    </ClCompile>
    <ClCompile Include="..\..\zstd\lib\common\xxhash.c">
      <Filter>Source Files</Filter>
    </ClCompile>
    <ClCompile Include="..\..\zstd\lib\common\zstd_common.c">
      <Filter>Source Files</Filter>
    </ClCompile>
    <ClCompile Include="..\..\zstd\lib\compress\fse_compress.c">
      <Filter>Source Files</Filter>
    </ClCompile>
    <ClCompile Include="..\..\zstd\lib\compress\hist.c">
      <Filter>Source Files</Filter>
    </ClCompile>
    <ClCompile Include="..\..\zstd\lib\compress\huf_compress.c">
      <Filter>Source Files</Filter>
    </ClCompile>
    <ClCompile Include="..\..\zstd\lib\compress\zstd_compress.c">
      <Filter>Source Files</Filter>
    </ClCompile>
    <ClCompile Include="..\..\zstd\lib\compress\zstd_compress_literals.c">
      <Filter>Source Files</Filter>
    </ClCompile>
    <ClCompile Include="..\..\zstd\lib\compress\zstd_compress_sequences.c">
      <Filter>Source Files</Filter>
    </ClCompile>
    <ClCompile Include="..\..\zstd\lib\compress\zstd_compress_superblock.c">
      <Filter>Source Files</Filter>
    </ClCompile>
    <ClCompile Include="..\..\zstd\lib\compress\zstd_double_fast.c">
      <Filter>Source Files</Filter>
    </ClCompile>
    <ClCompile Include="..\..\zstd\lib\compress\zstd_fast.c">
      <Filter>Source Files</Filter>
    </ClCompile>
    <ClCompile Include="..\..\zstd\lib\compress\zstd_lazy.c">
      <Filter>Source Files</Filter>
    </ClCompile>
    <ClCompile Include="..\..\zstd\lib\compress\zstd_ldm.c">
      <Filter>Source Files</Filter>
    </ClCompile>
    <ClCompile Include="..\..\zstd\lib\compress\zstd_opt.c">
      <Filter>Source Files</Filter>
    </ClCompile>
    <ClCompile Include="..\..\zstd\lib\compress\zstdmt_compress.c">
      <Filter>Source Files</Filter>
    </ClCompile>
    <ClCompile Include="..\..\zstd\lib\decompress\huf_decompress.c">
      <Filter>Source Files</Filter>
    </ClCompile>
    <ClCompile Include="..\..\zstd\lib\decompress\zstd_ddict.c">
      <Filter>Source Files</Filter>
    </ClCompile>
    <ClCompile Include="..\..\zstd\lib\decompress\zstd_decompress.c">
      <Filter>Source Files</Filter>
    </ClCompile>
    <ClCompile Include="..\..\zstd\lib\decompress\zstd_decompress_block.c">
      <Filter>Source Files</Filter>
    </ClCompile>
    <ClCompile Include="..\..\zstd\lib\dictBuilder\cover.c">
      <Filter>Source Files</Filter>
    </ClCompile>
    <ClCompile Include="..\..\zstd\lib\dictBuilder\divsufsort.c">
      <Filter>Source Files</Filter>
    </ClCompile>
    <ClCompile Include="..\..\zstd\lib\dictBuilder\fastcover.c">
      <Filter>Source Files</Filter>
    </ClCompile>
    <ClCompile Include="..\..\zstd\lib\dictBuilder\zdict.c">
      <Filter>Source Files</Filter>
    </ClCompile>
    <ClCompile Include="..\..\zstd\lib\legacy\zstd_v01.c">
      <Filter>Source Files</Filter>
    </ClCompile>
    <ClCompile Include="..\..\zstd\lib\legacy\zstd_v02.c">
      <Filter>Source Files</Filter>
    </ClCompile>
    <ClCompile Include="..\..\zstd\lib\legacy\zstd_v03.c">
      <Filter>Source Files</Filter>
    </ClCompile>
    <ClCompile Include="..\..\zstd\lib\legacy\zstd_v04.c">
      <Filter>Source Files</Filter>
    </ClCompile>
    <ClCompile Include="..\..\zstd\lib\legacy\zstd_v05.c">
      <Filter>Source Files</Filter>
    </ClCompile>
    <ClCompile Include="..\..\zstd\lib\legacy\zstd_v06.c">
      <Filter>Source Files</Filter>
    </ClCompile>
    <ClCompile Include="..\..\zstd\lib\legacy\zstd_v07.c">
      <Filter>Source Files</Filter>
    </ClCompile>
  </ItemGroup>
  <ItemGroup>
    <ClInclude Include="..\..\zstd\lib\common\bitstream.h">
      <Filter>Header Files</Filter>
    </ClInclude>
    <ClInclude Include="..\..\zstd\lib\common\compiler.h">
      <Filter>Header Files</Filter>
    </ClInclude>
    <ClInclude Include="..\..\zstd\lib\common\cpu.h">
      <Filter>Header Files</Filter>
    </ClInclude>
    <ClInclude Include="..\..\zstd\lib\common\debug.h">
      <Filter>Header Files</Filter>
    </ClInclude>
    <ClInclude Include="..\..\zstd\lib\common\error_private.h">
      <Filter>Header Files</Filter>
    </ClInclude>
    <ClInclude Include="..\..\zstd\lib\common\fse.h">
      <Filter>Header Files</Filter>
    </ClInclude>
    <ClInclude Include="..\..\zstd\lib\common\huf.h">
      <Filter>Header Files</Filter>
    </ClInclude>
    <ClInclude Include="..\..\zstd\lib\common\mem.h">
      <Filter>Header Files</Filter>
    </ClInclude>
    <ClInclude Include="..\..\zstd\lib\common\pool.h">
      <Filter>Header Files</Filter>
    </ClInclude>
    <ClInclude Include="..\..\zstd\lib\common\threading.h">
      <Filter>Header Files</Filter>
    </ClInclude>
    <ClInclude Include="..\..\zstd\lib\common\xxhash.h">
      <Filter>Header Files</Filter>
    </ClInclude>
    <ClInclude Include="..\..\zstd\lib\common\zstd_deps.h">
      <Filter>Header Files</Filter>
    </ClInclude>
    <ClInclude Include="..\..\zstd\lib\common\zstd_internal.h">
      <Filter>Header Files</Filter>
    </ClInclude>
    <ClInclude Include="..\..\zstd\lib\common\zstd_trace.h">
      <Filter>Header Files</Filter>
    </ClInclude>
    <ClInclude Include="..\..\zstd\lib\compress\hist.h">
      <Filter>Header Files</Filter>
    </ClInclude>
    <ClInclude Include="..\..\zstd\lib\compress\zstd_compress_internal.h">
      <Filter>Header Files</Filter>
    </ClInclude>
    <ClInclude Include="..\..\zstd\lib\compress\zstd_compress_literals.h">
      <Filter>Header Files</Filter>
    </ClInclude>
    <ClInclude Include="..\..\zstd\lib\compress\zstd_compress_sequences.h">
      <Filter>Header Files</Filter>
    </ClInclude>
    <ClInclude Include="..\..\zstd\lib\compress\zstd_compress_superblock.h">
      <Filter>Header Files</Filter>
    </ClInclude>
    <ClInclude Include="..\..\zstd\lib\compress\zstd_cwksp.h">
      <Filter>Header Files</Filter>
    </ClInclude>
    <ClInclude Include="..\..\zstd\lib\compress\zstd_double_fast.h">
      <Filter>Header Files</Filter>
    </ClInclude>
    <ClInclude Include="..\..\zstd\lib\compress\zstd_fast.h">
      <Filter>Header Files</Filter>
    </ClInclude>
    <ClInclude Include="..\..\zstd\lib\compress\zstd_lazy.h">
      <Filter>Header Files</Filter>
    </ClInclude>
    <ClInclude Include="..\..\zstd\lib\compress\zstd_ldm.h">
      <Filter>Header Files</Filter>
    </ClInclude>
    <ClInclude Include="..\..\zstd\lib\compress\zstd_ldm_geartab.h">
      <Filter>Header Files</Filter>
    </ClInclude>
    <ClInclude Include="..\..\zstd\lib\compress\zstd_opt.h">
      <Filter>Header Files</Filter>
    </ClInclude>
    <ClInclude Include="..\..\zstd\lib\compress\zstdmt_compress.h">
      <Filter>Header Files</Filter>
    </ClInclude>
    <ClInclude Include="..\..\zstd\lib\decompress\zstd_ddict.h">
      <Filter>Header Files</Filter>
    </ClInclude>
    <ClInclude Include="..\..\zstd\lib\decompress\zstd_decompress_block.h">
      <Filter>Header Files</Filter>
    </ClInclude>
    <ClInclude Include="..\..\zstd\lib\decompress\zstd_decompress_internal.h">
      <Filter>Header Files</Filter>
    </ClInclude>
    <ClInclude Include="..\..\zstd\lib\dictBuilder\cover.h">
      <Filter>Header Files</Filter>
    </ClInclude>
    <ClInclude Include="..\..\zstd\lib\dictBuilder\divsufsort.h">
      <Filter>Header Files</Filter>
    </ClInclude>
    <ClInclude Include="..\..\zstd\lib\legacy\zstd_legacy.h">
      <Filter>Header Files</Filter>
    </ClInclude>
    <ClInclude Include="..\..\zstd\lib\legacy\zstd_v01.h">
      <Filter>Header Files</Filter>
    </ClInclude>
    <ClInclude Include="..\..\zstd\lib\legacy\zstd_v02.h">
      <Filter>Header Files</Filter>
    </ClInclude>
    <ClInclude Include="..\..\zstd\lib\legacy\zstd_v03.h">
      <Filter>Header Files</Filter>
    </ClInclude>
    <ClInclude Include="..\..\zstd\lib\legacy\zstd_v04.h">
      <Filter>Header Files</Filter>
    </ClInclude>
    <ClInclude Include="..\..\zstd\lib\legacy\zstd_v05.h">
      <Filter>Header Files</Filter>
    </ClInclude>
    <ClInclude Include="..\..\zstd\lib\legacy\zstd_v06.h">
      <Filter>Header Files</Filter>
    </ClInclude>
    <ClInclude Include="..\..\zstd\lib\legacy\zstd_v07.h">
      <Filter>Header Files</Filter>
    </ClInclude>
  </ItemGroup>
</Project>